
Microsoft Visual Studio Solution File, Format Version 12.00
# Visual Studio Version 16
VisualStudioVersion = 16.0.30711.63
MinimumVisualStudioVersion = 10.0.40219.1
Project("{FAE04EC0-301F-11D3-BF4B-00C04F79EFBC}") = "MMTWebApi", "MMTWebApi\MMTWebApi.csproj", "{D1500702-29C1-40B1-AF24-5DC747E78ACF}"
EndProject
Project("{FAE04EC0-301F-11D3-BF4B-00C04F79EFBC}") = "MMTWebAPI.DataObjects", "MMTWebAPI.DataObjects\MMTWebAPI.DataObjects.csproj", "{67A18EC7-78B0-42F3-B601-519DA1EC746F}"
EndProject
Project("{FAE04EC0-301F-11D3-BF4B-00C04F79EFBC}") = "MMTWebAPI.DataServices", "MMTWebAPI.DataServices\MMTWebAPI.DataServices.csproj", "{F3D827FB-B6CA-4247-A800-BB2B6DF2AF38}"
EndProject
Global
	GlobalSection(SolutionConfigurationPlatforms) = preSolution
		Debug|Any CPU = Debug|Any CPU
		Release|Any CPU = Release|Any CPU
	EndGlobalSection
	GlobalSection(ProjectConfigurationPlatforms) = postSolution
		{D1500702-29C1-40B1-AF24-5DC747E78ACF}.Debug|Any CPU.ActiveCfg = Debug|Any CPU
		{D1500702-29C1-40B1-AF24-5DC747E78ACF}.Debug|Any CPU.Build.0 = Debug|Any CPU
		{D1500702-29C1-40B1-AF24-5DC747E78ACF}.Release|Any CPU.ActiveCfg = Release|Any CPU
		{D1500702-29C1-40B1-AF24-5DC747E78ACF}.Release|Any CPU.Build.0 = Release|Any CPU
		{67A18EC7-78B0-42F3-B601-519DA1EC746F}.Debug|Any CPU.ActiveCfg = Debug|Any CPU
		{67A18EC7-78B0-42F3-B601-519DA1EC746F}.Debug|Any CPU.Build.0 = Debug|Any CPU
		{67A18EC7-78B0-42F3-B601-519DA1EC746F}.Release|Any CPU.ActiveCfg = Release|Any CPU
		{67A18EC7-78B0-42F3-B601-519DA1EC746F}.Release|Any CPU.Build.0 = Release|Any CPU
		{F3D827FB-B6CA-4247-A800-BB2B6DF2AF38}.Debug|Any CPU.ActiveCfg = Debug|Any CPU
		{F3D827FB-B6CA-4247-A800-BB2B6DF2AF38}.Debug|Any CPU.Build.0 = Debug|Any CPU
		{F3D827FB-B6CA-4247-A800-BB2B6DF2AF38}.Release|Any CPU.ActiveCfg = Release|Any CPU
		{F3D827FB-B6CA-4247-A800-BB2B6DF2AF38}.Release|Any CPU.Build.0 = Release|Any CPU
	EndGlobalSection
	GlobalSection(SolutionProperties) = preSolution
		HideSolutionNode = FALSE
	EndGlobalSection
	GlobalSection(ExtensibilityGlobals) = postSolution
		SolutionGuid = {1EC82C0E-BF51-480C-B37A-509CB254D92F}
	EndGlobalSection
EndGlobal
